{
    "name": "com.smartthings",
    "version": "1.0.19",
    "lockfileVersion": 1,
    "requires": true,
    "dependencies": {
        "nodemailer": {
            "version": "6.7.5",
            "resolved": "https://registry.npmjs.org/nodemailer/-/nodemailer-6.7.5.tgz",
            "integrity": "sha512-6VtMpwhsrixq1HDYSBBHvW0GwiWawE75dS3oal48VqRhUvKJNnKnJo2RI/bCVQubj1vgrgscMNW4DHaD6xtMCg=="
        }
    }
}
